
Microsoft Visual Studio Solution File, Format Version 11.00
# Visual Studio 2010
Project("{2857B73E-F847-4B02-9238-064979017E93}") = "nes_cpp", "nes_cpp\nes_cpp.cproj", "{361BF6B2-534B-4E22-BCF9-367136CE5D3A}"
EndProject
Global
	GlobalSection(SolutionConfigurationPlatforms) = preSolution
		Debug|Any CPU = Debug|Any CPU
		Release|Any CPU = Release|Any CPU
	EndGlobalSection
	GlobalSection(ProjectConfigurationPlatforms) = postSolution
		{361BF6B2-534B-4E22-BCF9-367136CE5D3A}.Debug|Any CPU.ActiveCfg = Debug|Any CPU
		{361BF6B2-534B-4E22-BCF9-367136CE5D3A}.Debug|Any CPU.Build.0 = Debug|Any CPU
		{361BF6B2-534B-4E22-BCF9-367136CE5D3A}.Release|Any CPU.ActiveCfg = Release|Any CPU
		{361BF6B2-534B-4E22-BCF9-367136CE5D3A}.Release|Any CPU.Build.0 = Release|Any CPU
	EndGlobalSection
	GlobalSection(MonoDevelopProperties) = preSolution
		StartupItem = nes_cpp\nes_cpp.cproj
	EndGlobalSection
EndGlobal
